
Microsoft Visual Studio Solution File, Format Version 12.00
# Visual Studio Version 17
VisualStudioVersion = 17.8.34330.188
MinimumVisualStudioVersion = 10.0.40219.1
Project("{FAE04EC0-301F-11D3-BF4B-00C04F79EFBC}") = "RevisaoProva", "RevisaoProva.csproj", "{9DBBCC4D-ACF8-42F7-A0F4-A564842D3236}"
EndProject
Global
	GlobalSection(SolutionConfigurationPlatforms) = preSolution
		Debug|Any CPU = Debug|Any CPU
		Release|Any CPU = Release|Any CPU
	EndGlobalSection
	GlobalSection(ProjectConfigurationPlatforms) = postSolution
		{9DBBCC4D-ACF8-42F7-A0F4-A564842D3236}.Debug|Any CPU.ActiveCfg = Debug|Any CPU
		{9DBBCC4D-ACF8-42F7-A0F4-A564842D3236}.Debug|Any CPU.Build.0 = Debug|Any CPU
		{9DBBCC4D-ACF8-42F7-A0F4-A564842D3236}.Release|Any CPU.ActiveCfg = Release|Any CPU
		{9DBBCC4D-ACF8-42F7-A0F4-A564842D3236}.Release|Any CPU.Build.0 = Release|Any CPU
	EndGlobalSection
	GlobalSection(SolutionProperties) = preSolution
		HideSolutionNode = FALSE
	EndGlobalSection
	GlobalSection(ExtensibilityGlobals) = postSolution
		SolutionGuid = {15C872B6-0F5E-45BA-AE6D-FB61DC9469EB}
	EndGlobalSection
EndGlobal
