
Microsoft Visual Studio Solution File, Format Version 12.00
# Visual Studio Version 17
VisualStudioVersion = 17.8.34330.188
MinimumVisualStudioVersion = 10.0.40219.1
Project("{FAE04EC0-301F-11D3-BF4B-00C04F79EFBC}") = "Ex04Pag72Matriz200Valores", "Ex04Pag72Matriz200Valores.csproj", "{CF797C2D-B669-4D52-8712-5EB09DEB85ED}"
EndProject
Global
	GlobalSection(SolutionConfigurationPlatforms) = preSolution
		Debug|Any CPU = Debug|Any CPU
		Release|Any CPU = Release|Any CPU
	EndGlobalSection
	GlobalSection(ProjectConfigurationPlatforms) = postSolution
		{CF797C2D-B669-4D52-8712-5EB09DEB85ED}.Debug|Any CPU.ActiveCfg = Debug|Any CPU
		{CF797C2D-B669-4D52-8712-5EB09DEB85ED}.Debug|Any CPU.Build.0 = Debug|Any CPU
		{CF797C2D-B669-4D52-8712-5EB09DEB85ED}.Release|Any CPU.ActiveCfg = Release|Any CPU
		{CF797C2D-B669-4D52-8712-5EB09DEB85ED}.Release|Any CPU.Build.0 = Release|Any CPU
	EndGlobalSection
	GlobalSection(SolutionProperties) = preSolution
		HideSolutionNode = FALSE
	EndGlobalSection
	GlobalSection(ExtensibilityGlobals) = postSolution
		SolutionGuid = {8257799E-2B85-47F7-92B5-A83A27E784D9}
	EndGlobalSection
EndGlobal
