
Microsoft Visual Studio Solution File, Format Version 12.00
# Visual Studio Version 17
VisualStudioVersion = 17.8.34330.188
MinimumVisualStudioVersion = 10.0.40219.1
Project("{FAE04EC0-301F-11D3-BF4B-00C04F79EFBC}") = "Ex01Pag54SomaVariosValores", "Ex01Pag54SomaVariosValores.csproj", "{844C6764-C80F-411A-B613-F3DC9ED7A1FF}"
EndProject
Global
	GlobalSection(SolutionConfigurationPlatforms) = preSolution
		Debug|Any CPU = Debug|Any CPU
		Release|Any CPU = Release|Any CPU
	EndGlobalSection
	GlobalSection(ProjectConfigurationPlatforms) = postSolution
		{844C6764-C80F-411A-B613-F3DC9ED7A1FF}.Debug|Any CPU.ActiveCfg = Debug|Any CPU
		{844C6764-C80F-411A-B613-F3DC9ED7A1FF}.Debug|Any CPU.Build.0 = Debug|Any CPU
		{844C6764-C80F-411A-B613-F3DC9ED7A1FF}.Release|Any CPU.ActiveCfg = Release|Any CPU
		{844C6764-C80F-411A-B613-F3DC9ED7A1FF}.Release|Any CPU.Build.0 = Release|Any CPU
	EndGlobalSection
	GlobalSection(SolutionProperties) = preSolution
		HideSolutionNode = FALSE
	EndGlobalSection
	GlobalSection(ExtensibilityGlobals) = postSolution
		SolutionGuid = {839A4963-C86A-42D6-8CFD-7C8C32C20236}
	EndGlobalSection
EndGlobal
