
Microsoft Visual Studio Solution File, Format Version 12.00
# Visual Studio Version 17
VisualStudioVersion = 17.8.34330.188
MinimumVisualStudioVersion = 10.0.40219.1
Project("{FAE04EC0-301F-11D3-BF4B-00C04F79EFBC}") = "Ex07Pag15FabricaCamisetas", "Ex07Pag15FabricaCamisetas.csproj", "{5A3BEA0A-A563-45A1-967B-397C79E20E43}"
EndProject
Global
	GlobalSection(SolutionConfigurationPlatforms) = preSolution
		Debug|Any CPU = Debug|Any CPU
		Release|Any CPU = Release|Any CPU
	EndGlobalSection
	GlobalSection(ProjectConfigurationPlatforms) = postSolution
		{5A3BEA0A-A563-45A1-967B-397C79E20E43}.Debug|Any CPU.ActiveCfg = Debug|Any CPU
		{5A3BEA0A-A563-45A1-967B-397C79E20E43}.Debug|Any CPU.Build.0 = Debug|Any CPU
		{5A3BEA0A-A563-45A1-967B-397C79E20E43}.Release|Any CPU.ActiveCfg = Release|Any CPU
		{5A3BEA0A-A563-45A1-967B-397C79E20E43}.Release|Any CPU.Build.0 = Release|Any CPU
	EndGlobalSection
	GlobalSection(SolutionProperties) = preSolution
		HideSolutionNode = FALSE
	EndGlobalSection
	GlobalSection(ExtensibilityGlobals) = postSolution
		SolutionGuid = {A7AA97C5-A0A7-4EEB-B679-DFF79D174EBA}
	EndGlobalSection
EndGlobal
