
Microsoft Visual Studio Solution File, Format Version 12.00
# Visual Studio Version 17
VisualStudioVersion = 17.8.34330.188
MinimumVisualStudioVersion = 10.0.40219.1
Project("{FAE04EC0-301F-11D3-BF4B-00C04F79EFBC}") = "Ex03Pag15SelfService", "Ex03Pag15SelfService.csproj", "{A6D93763-FB78-41FB-BA6E-8A013001030F}"
EndProject
Global
	GlobalSection(SolutionConfigurationPlatforms) = preSolution
		Debug|Any CPU = Debug|Any CPU
		Release|Any CPU = Release|Any CPU
	EndGlobalSection
	GlobalSection(ProjectConfigurationPlatforms) = postSolution
		{A6D93763-FB78-41FB-BA6E-8A013001030F}.Debug|Any CPU.ActiveCfg = Debug|Any CPU
		{A6D93763-FB78-41FB-BA6E-8A013001030F}.Debug|Any CPU.Build.0 = Debug|Any CPU
		{A6D93763-FB78-41FB-BA6E-8A013001030F}.Release|Any CPU.ActiveCfg = Release|Any CPU
		{A6D93763-FB78-41FB-BA6E-8A013001030F}.Release|Any CPU.Build.0 = Release|Any CPU
	EndGlobalSection
	GlobalSection(SolutionProperties) = preSolution
		HideSolutionNode = FALSE
	EndGlobalSection
	GlobalSection(ExtensibilityGlobals) = postSolution
		SolutionGuid = {E22E359D-3C9D-4D00-A415-295BD3B19F38}
	EndGlobalSection
EndGlobal
