
Microsoft Visual Studio Solution File, Format Version 12.00
# Visual Studio Version 17
VisualStudioVersion = 17.8.34330.188
MinimumVisualStudioVersion = 10.0.40219.1
Project("{FAE04EC0-301F-11D3-BF4B-00C04F79EFBC}") = "Ex03Pag72VetorMaiorValor", "Ex03Pag72VetorMaiorValor.csproj", "{CCF904C5-12C6-4FC8-B6E3-8BB95BA7EC36}"
EndProject
Global
	GlobalSection(SolutionConfigurationPlatforms) = preSolution
		Debug|Any CPU = Debug|Any CPU
		Release|Any CPU = Release|Any CPU
	EndGlobalSection
	GlobalSection(ProjectConfigurationPlatforms) = postSolution
		{CCF904C5-12C6-4FC8-B6E3-8BB95BA7EC36}.Debug|Any CPU.ActiveCfg = Debug|Any CPU
		{CCF904C5-12C6-4FC8-B6E3-8BB95BA7EC36}.Debug|Any CPU.Build.0 = Debug|Any CPU
		{CCF904C5-12C6-4FC8-B6E3-8BB95BA7EC36}.Release|Any CPU.ActiveCfg = Release|Any CPU
		{CCF904C5-12C6-4FC8-B6E3-8BB95BA7EC36}.Release|Any CPU.Build.0 = Release|Any CPU
	EndGlobalSection
	GlobalSection(SolutionProperties) = preSolution
		HideSolutionNode = FALSE
	EndGlobalSection
	GlobalSection(ExtensibilityGlobals) = postSolution
		SolutionGuid = {F36BD474-1B12-4271-88DC-605BFC6DBDB8}
	EndGlobalSection
EndGlobal
