
Microsoft Visual Studio Solution File, Format Version 12.00
# Visual Studio Version 17
VisualStudioVersion = 17.8.34330.188
MinimumVisualStudioVersion = 10.0.40219.1
Project("{FAE04EC0-301F-11D3-BF4B-00C04F79EFBC}") = "Ex02Pag32FinanciamenteCarro", "Ex02Pag32FinanciamenteCarro.csproj", "{1E552E9D-9979-49D4-A9DD-AB842C6A811A}"
EndProject
Global
	GlobalSection(SolutionConfigurationPlatforms) = preSolution
		Debug|Any CPU = Debug|Any CPU
		Release|Any CPU = Release|Any CPU
	EndGlobalSection
	GlobalSection(ProjectConfigurationPlatforms) = postSolution
		{1E552E9D-9979-49D4-A9DD-AB842C6A811A}.Debug|Any CPU.ActiveCfg = Debug|Any CPU
		{1E552E9D-9979-49D4-A9DD-AB842C6A811A}.Debug|Any CPU.Build.0 = Debug|Any CPU
		{1E552E9D-9979-49D4-A9DD-AB842C6A811A}.Release|Any CPU.ActiveCfg = Release|Any CPU
		{1E552E9D-9979-49D4-A9DD-AB842C6A811A}.Release|Any CPU.Build.0 = Release|Any CPU
	EndGlobalSection
	GlobalSection(SolutionProperties) = preSolution
		HideSolutionNode = FALSE
	EndGlobalSection
	GlobalSection(ExtensibilityGlobals) = postSolution
		SolutionGuid = {6E6DB5CB-E56C-4B51-94C8-F601429FC098}
	EndGlobalSection
EndGlobal
