
Microsoft Visual Studio Solution File, Format Version 12.00
# Visual Studio Version 17
VisualStudioVersion = 17.8.34330.188
MinimumVisualStudioVersion = 10.0.40219.1
Project("{FAE04EC0-301F-11D3-BF4B-00C04F79EFBC}") = "Ex14Pag16CompraLojaDesconto", "Ex14Pag16CompraLojaDesconto.csproj", "{D162D9D7-D216-4368-94A3-EA5F1AFFFFA4}"
EndProject
Global
	GlobalSection(SolutionConfigurationPlatforms) = preSolution
		Debug|Any CPU = Debug|Any CPU
		Release|Any CPU = Release|Any CPU
	EndGlobalSection
	GlobalSection(ProjectConfigurationPlatforms) = postSolution
		{D162D9D7-D216-4368-94A3-EA5F1AFFFFA4}.Debug|Any CPU.ActiveCfg = Debug|Any CPU
		{D162D9D7-D216-4368-94A3-EA5F1AFFFFA4}.Debug|Any CPU.Build.0 = Debug|Any CPU
		{D162D9D7-D216-4368-94A3-EA5F1AFFFFA4}.Release|Any CPU.ActiveCfg = Release|Any CPU
		{D162D9D7-D216-4368-94A3-EA5F1AFFFFA4}.Release|Any CPU.Build.0 = Release|Any CPU
	EndGlobalSection
	GlobalSection(SolutionProperties) = preSolution
		HideSolutionNode = FALSE
	EndGlobalSection
	GlobalSection(ExtensibilityGlobals) = postSolution
		SolutionGuid = {1298C555-E9CD-4CBF-9425-D64FBB8F55F9}
	EndGlobalSection
EndGlobal
