
Microsoft Visual Studio Solution File, Format Version 12.00
# Visual Studio Version 17
VisualStudioVersion = 17.8.34330.188
MinimumVisualStudioVersion = 10.0.40219.1
Project("{FAE04EC0-301F-11D3-BF4B-00C04F79EFBC}") = "Ex02Pag54AusenciaAlunos", "Ex02Pag54AusenciaAlunos.csproj", "{97C028BC-72D5-4A32-B41C-A1C5772042EE}"
EndProject
Global
	GlobalSection(SolutionConfigurationPlatforms) = preSolution
		Debug|Any CPU = Debug|Any CPU
		Release|Any CPU = Release|Any CPU
	EndGlobalSection
	GlobalSection(ProjectConfigurationPlatforms) = postSolution
		{97C028BC-72D5-4A32-B41C-A1C5772042EE}.Debug|Any CPU.ActiveCfg = Debug|Any CPU
		{97C028BC-72D5-4A32-B41C-A1C5772042EE}.Debug|Any CPU.Build.0 = Debug|Any CPU
		{97C028BC-72D5-4A32-B41C-A1C5772042EE}.Release|Any CPU.ActiveCfg = Release|Any CPU
		{97C028BC-72D5-4A32-B41C-A1C5772042EE}.Release|Any CPU.Build.0 = Release|Any CPU
	EndGlobalSection
	GlobalSection(SolutionProperties) = preSolution
		HideSolutionNode = FALSE
	EndGlobalSection
	GlobalSection(ExtensibilityGlobals) = postSolution
		SolutionGuid = {DEE29412-71EC-4EF0-AFDC-AEA548E8451F}
	EndGlobalSection
EndGlobal
