
Microsoft Visual Studio Solution File, Format Version 12.00
# Visual Studio Version 17
VisualStudioVersion = 17.8.34330.188
MinimumVisualStudioVersion = 10.0.40219.1
Project("{FAE04EC0-301F-11D3-BF4B-00C04F79EFBC}") = "Ex10Pag38CalculadoraEscolha", "Ex10Pag38CalculadoraEscolha.csproj", "{2388E449-21A2-4E3C-A5B6-6BCD06E8DDBC}"
EndProject
Global
	GlobalSection(SolutionConfigurationPlatforms) = preSolution
		Debug|Any CPU = Debug|Any CPU
		Release|Any CPU = Release|Any CPU
	EndGlobalSection
	GlobalSection(ProjectConfigurationPlatforms) = postSolution
		{2388E449-21A2-4E3C-A5B6-6BCD06E8DDBC}.Debug|Any CPU.ActiveCfg = Debug|Any CPU
		{2388E449-21A2-4E3C-A5B6-6BCD06E8DDBC}.Debug|Any CPU.Build.0 = Debug|Any CPU
		{2388E449-21A2-4E3C-A5B6-6BCD06E8DDBC}.Release|Any CPU.ActiveCfg = Release|Any CPU
		{2388E449-21A2-4E3C-A5B6-6BCD06E8DDBC}.Release|Any CPU.Build.0 = Release|Any CPU
	EndGlobalSection
	GlobalSection(SolutionProperties) = preSolution
		HideSolutionNode = FALSE
	EndGlobalSection
	GlobalSection(ExtensibilityGlobals) = postSolution
		SolutionGuid = {A675FD80-D6AE-41CF-A0A8-DB83DE177605}
	EndGlobalSection
EndGlobal
